
Microsoft Visual Studio Solution File, Format Version 12.00
# Visual Studio 15
VisualStudioVersion = 15.0.28307.489
MinimumVisualStudioVersion = 10.0.40219.1
Project("{9A19103F-16F7-4668-BE54-9A1E7A4F7556}") = "ChatBot", "ChatBot\ChatBot.csproj", "{A0B99DFC-4723-41BF-BED7-8A030C4D969D}"
EndProject
Project("{9A19103F-16F7-4668-BE54-9A1E7A4F7556}") = "AWSLambdaScheduleAssignment", "AWSLambdaScheduleAssignment\AWSLambdaScheduleAssignment.csproj", "{9250D2AF-7040-484D-A8F7-1C9971EE3AA0}"
EndProject
Global
	GlobalSection(SolutionConfigurationPlatforms) = preSolution
		Debug|Any CPU = Debug|Any CPU
		Release|Any CPU = Release|Any CPU
	EndGlobalSection
	GlobalSection(ProjectConfigurationPlatforms) = postSolution
		{A0B99DFC-4723-41BF-BED7-8A030C4D969D}.Debug|Any CPU.ActiveCfg = Debug|Any CPU
		{A0B99DFC-4723-41BF-BED7-8A030C4D969D}.Debug|Any CPU.Build.0 = Debug|Any CPU
		{A0B99DFC-4723-41BF-BED7-8A030C4D969D}.Release|Any CPU.ActiveCfg = Release|Any CPU
		{A0B99DFC-4723-41BF-BED7-8A030C4D969D}.Release|Any CPU.Build.0 = Release|Any CPU
		{9250D2AF-7040-484D-A8F7-1C9971EE3AA0}.Debug|Any CPU.ActiveCfg = Debug|Any CPU
		{9250D2AF-7040-484D-A8F7-1C9971EE3AA0}.Debug|Any CPU.Build.0 = Debug|Any CPU
		{9250D2AF-7040-484D-A8F7-1C9971EE3AA0}.Release|Any CPU.ActiveCfg = Release|Any CPU
		{9250D2AF-7040-484D-A8F7-1C9971EE3AA0}.Release|Any CPU.Build.0 = Release|Any CPU
	EndGlobalSection
	GlobalSection(SolutionProperties) = preSolution
		HideSolutionNode = FALSE
	EndGlobalSection
	GlobalSection(ExtensibilityGlobals) = postSolution
		SolutionGuid = {72637C92-1E19-4C32-A365-027DAAF8D699}
	EndGlobalSection
EndGlobal
